PODS:
  - Alamofire (4.5.0)
  - Cartography (1.1.0)
  - Firebase/Core (4.1.0):
    - FirebaseAnalytics (= 4.0.3)
    - FirebaseCore (= 4.0.5)
  - Firebase/Database (4.1.0):
    - Firebase/Core
    - FirebaseDatabase (= 4.0.1)
  - FirebaseAnalytics (4.0.3):
    - FirebaseCore (~> 4.0)
    - FirebaseInstanceID (~> 2.0)
    - GoogleToolboxForMac/NSData+zlib (~> 2.1)
    - nanopb (~> 0.3)
  - FirebaseCore (4.0.5):
    - GoogleToolboxForMac/NSData+zlib (~> 2.1)
    - nanopb (~> 0.3)
  - FirebaseDatabase (4.0.1):
    - FirebaseAnalytics (~> 4.0)
    - FirebaseCore (~> 4.0)
    - leveldb-library (~> 1.18)
  - FirebaseInstanceID (2.0.1):
    - FirebaseCore (~> 4.0)
  - GoogleToolboxForMac/Defines (2.1.1)
  - GoogleToolboxForMac/NSData+zlib (2.1.1):
    - GoogleToolboxForMac/Defines (= 2.1.1)
  - Kingfisher (3.10.4)
  - leveldb-library (1.18.3)
  - Material (2.9.3):
    - Material/Core (= 2.9.3)
  - Material/Core (2.9.3)
  - Moya (8.0.5):
    - Moya/Core (= 8.0.5)
  - Moya-ObjectMapper/Core (2.3.2):
    - Moya (~> 8.0)
    - ObjectMapper (~> 2.2)
  - Moya-ObjectMapper/RxSwift (2.3.2):
    - Moya-ObjectMapper/Core
    - Moya/RxSwift
    - RxSwift (~> 3.1)
  - Moya/Core (8.0.5):
    - Alamofire (~> 4.1)
    - Result (~> 3.0)
  - Moya/RxSwift (8.0.5):
    - Moya/Core
    - RxSwift (~> 3.0)
  - nanopb (0.3.8):
    - nanopb/decode (= 0.3.8)
    - nanopb/encode (= 0.3.8)
  - nanopb/decode (0.3.8)
  - nanopb/encode (0.3.8)
  - ObjectMapper (2.2.8)
  - R.swift (3.3.0):
    - R.swift.Library (~> 3.0.2)
  - R.swift.Library (3.0.2)
  - Result (3.2.3)
  - RxCocoa (3.6.1):
    - RxSwift (~> 3.6)
  - RxGesture (1.0.1):
    - RxCocoa (~> 3.4)
    - RxSwift (~> 3.4)
  - RxSwift (3.6.1)

DEPENDENCIES:
  - Cartography
  - Firebase/Database
  - Kingfisher
  - Material (~> 2.9)
  - Moya-ObjectMapper/RxSwift (~> 2.3)
  - R.swift (~> 3.2)
  - RxCocoa (~> 3.4)
  - RxGesture (~> 1.0)

SPEC CHECKSUMS:
  Alamofire: f28cdffd29de33a7bfa022cbd63ae95a27fae140
  Cartography: 0538ccb4044acbbda2266335fc58cb4228794d90
  Firebase: ebebf41db7f10e0c7668b6eaaa857fbe599aa478
  FirebaseAnalytics: 76f754d37ca5b04f36856729b6af3ca0152d1069
  FirebaseCore: 7d876ea97a830cbe62ba7fbbe7670c833a324ba0
  FirebaseDatabase: 94c38c783d23dc6679441050772d42e801d06e9e
  FirebaseInstanceID: 0500e3cb54a1a4e01a8cffcc09323b8bb8fc7e1e
  GoogleToolboxForMac: 8e329f1b599f2512c6b10676d45736bcc2cbbeb0
  Kingfisher: dc3a4983e86d2dfa89513664983a82340c11a289
  leveldb-library: 10fb39c39e243db4af1828441162405bbcec1404
  Material: 4af954f1417b3adb5e3113fe3df45473deabb7c6
  Moya: c37eec09a098ba9991b5a963b291fc5704bdb9ef
  Moya-ObjectMapper: 1b05f10bb69fb6c8750d497d2974c1c63c08c3a9
  nanopb: 5601e6bca2dbf1ed831b519092ec110f66982ca3
  ObjectMapper: 3d571bb5af471c779e1160828cd9ad5c4ef90958
  R.swift: bde9704d50ff36820f49e266bc88ef545e1e9b36
  R.swift.Library: fbdec16c9802ad104fc1ba53415dc190e6ec5c73
  Result: 128640a6347e8d2ae48b142556739a2d13f90ce6
  RxCocoa: 84a08739ab186248c7f31ce4ee92d6f8a947d690
  RxGesture: 1f770b247c69e8133fb8f4ef263571efd0ae91a1
  RxSwift: f9de85ea20cd2f7716ee5409fc13523dc638e4e4

PODFILE CHECKSUM: 78568d5db87ed0f1dc3cad38a5c9870ff3fbc69d

COCOAPODS: 1.2.1
