// !$*UTF8*$!
{
	archiveVersion = 1;
	classes = {
	};
	objectVersion = 46;
	objects = {

/* Begin PBXBuildFile section */
		F034E7E21F4A1FD100276796 /* AppDelegate.swift in Sources */ = {isa = PBXBuildFile; fileRef = F034E7E11F4A1FD100276796 /* AppDelegate.swift */; };
		F034E7E41F4A1FD100276796 /* ViewController.swift in Sources */ = {isa = PBXBuildFile; fileRef = F034E7E31F4A1FD100276796 /* ViewController.swift */; };
		F034E7E71F4A1FD100276796 /* Main.storyboard in Resources */ = {isa = PBXBuildFile; fileRef = F034E7E51F4A1FD100276796 /* Main.storyboard */; };
		F034E7E91F4A1FD100276796 /* Assets.xcassets in Resources */ = {isa = PBXBuildFile; fileRef = F034E7E81F4A1FD100276796 /* Assets.xcassets */; };
		F034E7EC1F4A1FD100276796 /* LaunchScreen.storyboard in Resources */ = {isa = PBXBuildFile; fileRef = F034E7EA1F4A1FD100276796 /* LaunchScreen.storyboard */; };
		F034E7F71F4A1FD100276796 /* LabsUITests.swift in Sources */ = {isa = PBXBuildFile; fileRef = F034E7F61F4A1FD100276796 /* LabsUITests.swift */; };
/* End PBXBuildFile section */

/* Begin PBXContainerItemProxy section */
		F034E7F31F4A1FD100276796 /* PBXContainerItemProxy */ = {
			isa = PBXContainerItemProxy;
			containerPortal = F034E7D61F4A1FD100276796 /* Project object */;
			proxyType = 1;
			remoteGlobalIDString = F034E7DD1F4A1FD100276796;
			remoteInfo = Labs;
		};
/* End PBXContainerItemProxy section */

/* Begin PBXFileReference section */
		F034E7DE1F4A1FD100276796 /* Labs.app */ = {isa = PBXFileReference; explicitFileType = wrapper.application; includeInIndex = 0; path = Labs.app; sourceTree = BUILT_PRODUCTS_DIR; };
		F034E7E11F4A1FD100276796 /* AppDelegate.swift */ = {isa = PBXFileReference; lastKnownFileType = sourcecode.swift; path = AppDelegate.swift; sourceTree = "<group>"; };
		F034E7E31F4A1FD100276796 /* ViewController.swift */ = {isa = PBXFileReference; lastKnownFileType = sourcecode.swift; path = ViewController.swift; sourceTree = "<group>"; };
		F034E7E61F4A1FD100276796 /* Base */ = {isa = PBXFileReference; lastKnownFileType = file.storyboard; name = Base; path = Base.lproj/Main.storyboard; sourceTree = "<group>"; };
		F034E7E81F4A1FD100276796 /* Assets.xcassets */ = {isa = PBXFileReference; lastKnownFileType = folder.assetcatalog; path = Assets.xcassets; sourceTree = "<group>"; };
		F034E7EB1F4A1FD100276796 /* Base */ = {isa = PBXFileReference; lastKnownFileType = file.storyboard; name = Base; path = Base.lproj/LaunchScreen.storyboard; sourceTree = "<group>"; };
		F034E7ED1F4A1FD100276796 /* Info.plist */ = {isa = PBXFileReference; lastKnownFileType = text.plist.xml; path = Info.plist; sourceTree = "<group>"; };
		F034E7F21F4A1FD100276796 /* LabsUITests.xctest */ = {isa = PBXFileReference; explicitFileType = wrapper.cfbundle; includeInIndex = 0; path = LabsUITests.xctest; sourceTree = BUILT_PRODUCTS_DIR; };
		F034E7F61F4A1FD100276796 /* LabsUITests.swift */ = {isa = PBXFileReference; lastKnownFileType = sourcecode.swift; path = LabsUITests.swift; sourceTree = "<group>"; };
		F034E7F81F4A1FD100276796 /* Info.plist */ = {isa = PBXFileReference; lastKnownFileType = text.plist.xml; path = Info.plist; sourceTree = "<group>"; };
/* End PBXFileReference section */

/* Begin PBXFrameworksBuildPhase section */
		F034E7DB1F4A1FD100276796 /* Frameworks */ = {
			isa = PBXFrameworksBuildPhase;
			buildActionMask = 2147483647;
			files = (
			);
			runOnlyForDeploymentPostprocessing = 0;
		};
		F034E7EF1F4A1FD100276796 /* Frameworks */ = {
			isa = PBXFrameworksBuildPhase;
			buildActionMask = 2147483647;
			files = (
			);
			runOnlyForDeploymentPostprocessing = 0;
		};
/* End PBXFrameworksBuildPhase section */

/* Begin PBXGroup section */
		F034E7D51F4A1FD100276796 = {
			isa = PBXGroup;
			children = (
				F034E7E01F4A1FD100276796 /* Labs */,
				F034E7F51F4A1FD100276796 /* LabsUITests */,
				F034E7DF1F4A1FD100276796 /* Products */,
			);
			sourceTree = "<group>";
		};
		F034E7DF1F4A1FD100276796 /* Products */ = {
			isa = PBXGroup;
			children = (
				F034E7DE1F4A1FD100276796 /* Labs.app */,
				F034E7F21F4A1FD100276796 /* LabsUITests.xctest */,
			);
			name = Products;
			sourceTree = "<group>";
		};
		F034E7E01F4A1FD100276796 /* Labs */ = {
			isa = PBXGroup;
			children = (
				F034E7E11F4A1FD100276796 /* AppDelegate.swift */,
				F034E7E31F4A1FD100276796 /* ViewController.swift */,
				F034E7E51F4A1FD100276796 /* Main.storyboard */,
				F034E7E81F4A1FD100276796 /* Assets.xcassets */,
				F034E7EA1F4A1FD100276796 /* LaunchScreen.storyboard */,
				F034E7ED1F4A1FD100276796 /* Info.plist */,
			);
			path = Labs;
			sourceTree = "<group>";
		};
		F034E7F51F4A1FD100276796 /* LabsUITests */ = {
			isa = PBXGroup;
			children = (
				F034E7F61F4A1FD100276796 /* LabsUITests.swift */,
				F034E7F81F4A1FD100276796 /* Info.plist */,
			);
			path = LabsUITests;
			sourceTree = "<group>";
		};
/* End PBXGroup section */

/* Begin PBXNativeTarget section */
		F034E7DD1F4A1FD100276796 /* Labs */ = {
			isa = PBXNativeTarget;
			buildConfigurationList = F034E7FB1F4A1FD100276796 /* Build configuration list for PBXNativeTarget "Labs" */;
			buildPhases = (
				F034E7DA1F4A1FD100276796 /* Sources */,
				F034E7DB1F4A1FD100276796 /* Frameworks */,
				F034E7DC1F4A1FD100276796 /* Resources */,
			);
			buildRules = (
			);
			dependencies = (
			);
			name = Labs;
			productName = Labs;
			productReference = F034E7DE1F4A1FD100276796 /* Labs.app */;
			productType = "com.apple.product-type.application";
		};
		F034E7F11F4A1FD100276796 /* LabsUITests */ = {
			isa = PBXNativeTarget;
			buildConfigurationList = F034E7FE1F4A1FD100276796 /* Build configuration list for PBXNativeTarget "LabsUITests" */;
			buildPhases = (
				F034E7EE1F4A1FD100276796 /* Sources */,
				F034E7EF1F4A1FD100276796 /* Frameworks */,
				F034E7F01F4A1FD100276796 /* Resources */,
			);
			buildRules = (
			);
			dependencies = (
				F034E7F41F4A1FD100276796 /* PBXTargetDependency */,
			);
			name = LabsUITests;
			productName = LabsUITests;
			productReference = F034E7F21F4A1FD100276796 /* LabsUITests.xctest */;
			productType = "com.apple.product-type.bundle.ui-testing";
		};
/* End PBXNativeTarget section */

/* Begin PBXProject section */
		F034E7D61F4A1FD100276796 /* Project object */ = {
			isa = PBXProject;
			attributes = {
				LastSwiftUpdateCheck = 0830;
				LastUpgradeCheck = 0830;
				ORGANIZATIONNAME = Jera;
				TargetAttributes = {
					F034E7DD1F4A1FD100276796 = {
						CreatedOnToolsVersion = 8.3.2;
						DevelopmentTeam = E234QZ5Z6G;
						ProvisioningStyle = Automatic;
					};
					F034E7F11F4A1FD100276796 = {
						CreatedOnToolsVersion = 8.3.2;
						DevelopmentTeam = E234QZ5Z6G;
						ProvisioningStyle = Automatic;
						TestTargetID = F034E7DD1F4A1FD100276796;
					};
				};
			};
			buildConfigurationList = F034E7D91F4A1FD100276796 /* Build configuration list for PBXProject "Labs" */;
			compatibilityVersion = "Xcode 3.2";
			developmentRegion = English;
			hasScannedForEncodings = 0;
			knownRegions = (
				en,
				Base,
			);
			mainGroup = F034E7D51F4A1FD100276796;
			productRefGroup = F034E7DF1F4A1FD100276796 /* Products */;
			projectDirPath = "";
			projectRoot = "";
			targets = (
				F034E7DD1F4A1FD100276796 /* Labs */,
				F034E7F11F4A1FD100276796 /* LabsUITests */,
			);
		};
/* End PBXProject section */

/* Begin PBXResourcesBuildPhase section */
		F034E7DC1F4A1FD100276796 /* Resources */ = {
			isa = PBXResourcesBuildPhase;
			buildActionMask = 2147483647;
			files = (
				F034E7EC1F4A1FD100276796 /* LaunchScreen.storyboard in Resources */,
				F034E7E91F4A1FD100276796 /* Assets.xcassets in Resources */,
				F034E7E71F4A1FD100276796 /* Main.storyboard in Resources */,
			);
			runOnlyForDeploymentPostprocessing = 0;
		};
		F034E7F01F4A1FD100276796 /* Resources */ = {
			isa = PBXResourcesBuildPhase;
			buildActionMask = 2147483647;
			files = (
			);
			runOnlyForDeploymentPostprocessing = 0;
		};
/* End PBXResourcesBuildPhase section */

/* Begin PBXSourcesBuildPhase section */
		F034E7DA1F4A1FD100276796 /* Sources */ = {
			isa = PBXSourcesBuildPhase;
			buildActionMask = 2147483647;
			files = (
				F034E7E41F4A1FD100276796 /* ViewController.swift in Sources */,
				F034E7E21F4A1FD100276796 /* AppDelegate.swift in Sources */,
			);
			runOnlyForDeploymentPostprocessing = 0;
		};
		F034E7EE1F4A1FD100276796 /* Sources */ = {
			isa = PBXSourcesBuildPhase;
			buildActionMask = 2147483647;
			files = (
				F034E7F71F4A1FD100276796 /* LabsUITests.swift in Sources */,
			);
			runOnlyForDeploymentPostprocessing = 0;
		};
/* End PBXSourcesBuildPhase section */

/* Begin PBXTargetDependency section */
		F034E7F41F4A1FD100276796 /* PBXTargetDependency */ = {
			isa = PBXTargetDependency;
			target = F034E7DD1F4A1FD100276796 /* Labs */;
			targetProxy = F034E7F31F4A1FD100276796 /* PBXContainerItemProxy */;
		};
/* End PBXTargetDependency section */

/* Begin PBXVariantGroup section */
		F034E7E51F4A1FD100276796 /* Main.storyboard */ = {
			isa = PBXVariantGroup;
			children = (
				F034E7E61F4A1FD100276796 /* Base */,
			);
			name = Main.storyboard;
			sourceTree = "<group>";
		};
		F034E7EA1F4A1FD100276796 /* LaunchScreen.storyboard */ = {
			isa = PBXVariantGroup;
			children = (
				F034E7EB1F4A1FD100276796 /* Base */,
			);
			name = LaunchScreen.storyboard;
			sourceTree = "<group>";
		};
/* End PBXVariantGroup section */

/* Begin XCBuildConfiguration section */
		F034E7F91F4A1FD100276796 /* Debug */ = {
			isa = XCBuildConfiguration;
			buildSettings = {
				ALWAYS_SEARCH_USER_PATHS = NO;
				CLANG_ANALYZER_NONNULL = YES;
				CLANG_ANALYZER_NUMBER_OBJECT_CONVERSION = YES_AGGRESSIVE;
				CLANG_CXX_LANGUAGE_STANDARD = "gnu++0x";
				CLANG_CXX_LIBRARY = "libc++";
				CLANG_ENABLE_MODULES = YES;
				CLANG_ENABLE_OBJC_ARC = YES;
				CLANG_WARN_BOOL_CONVERSION = YES;
				CLANG_WARN_CONSTANT_CONVERSION = YES;
				CLANG_WARN_DIRECT_OBJC_ISA_USAGE = YES_ERROR;
				CLANG_WARN_DOCUMENTATION_COMMENTS = YES;
				CLANG_WARN_EMPTY_BODY = YES;
				CLANG_WARN_ENUM_CONVERSION = YES;
				CLANG_WARN_INFINITE_RECURSION = YES;
				CLANG_WARN_INT_CONVERSION = YES;
				CLANG_WARN_OBJC_ROOT_CLASS = YES_ERROR;
				CLANG_WARN_SUSPICIOUS_MOVE = YES;
				CLANG_WARN_UNREACHABLE_CODE = YES;
				CLANG_WARN__DUPLICATE_METHOD_MATCH = YES;
				"CODE_SIGN_IDENTITY[sdk=iphoneos*]" = "iPhone Developer";
				COPY_PHASE_STRIP = NO;
				DEBUG_INFORMATION_FORMAT = dwarf;
				ENABLE_STRICT_OBJC_MSGSEND = YES;
				ENABLE_TESTABILITY = YES;
				GCC_C_LANGUAGE_STANDARD = gnu99;
				GCC_DYNAMIC_NO_PIC = NO;
				GCC_NO_COMMON_BLOCKS = YES;
				GCC_OPTIMIZATION_LEVEL = 0;
				GCC_PREPROCESSOR_DEFINITIONS = (
					"DEBUG=1",
					"$(inherited)",
				);
				GCC_WARN_64_TO_32_BIT_CONVERSION = YES;
				GCC_WARN_ABOUT_RETURN_TYPE = YES_ERROR;
				GCC_WARN_UNDECLARED_SELECTOR = YES;
				GCC_WARN_UNINITIALIZED_AUTOS = YES_AGGRESSIVE;
				GCC_WARN_UNUSED_FUNCTION = YES;
				GCC_WARN_UNUSED_VARIABLE = YES;
				IPHONEOS_DEPLOYMENT_TARGET = 10.3;
				MTL_ENABLE_DEBUG_INFO = YES;
				ONLY_ACTIVE_ARCH = YES;
				SDKROOT = iphoneos;
				SWIFT_ACTIVE_COMPILATION_CONDITIONS = DEBUG;
				SWIFT_OPTIMIZATION_LEVEL = "-Onone";
				TARGETED_DEVICE_FAMILY = "1,2";
			};
			name = Debug;
		};
		F034E7FA1F4A1FD100276796 /* Release */ = {
			isa = XCBuildConfiguration;
			buildSettings = {
				ALWAYS_SEARCH_USER_PATHS = NO;
				CLANG_ANALYZER_NONNULL = YES;
				CLANG_ANALYZER_NUMBER_OBJECT_CONVERSION = YES_AGGRESSIVE;
				CLANG_CXX_LANGUAGE_STANDARD = "gnu++0x";
				CLANG_CXX_LIBRARY = "libc++";
				CLANG_ENABLE_MODULES = YES;
				CLANG_ENABLE_OBJC_ARC = YES;
				CLANG_WARN_BOOL_CONVERSION = YES;
				CLANG_WARN_CONSTANT_CONVERSION = YES;
				CLANG_WARN_DIRECT_OBJC_ISA_USAGE = YES_ERROR;
				CLANG_WARN_DOCUMENTATION_COMMENTS = YES;
				CLANG_WARN_EMPTY_BODY = YES;
				CLANG_WARN_ENUM_CONVERSION = YES;
				CLANG_WARN_INFINITE_RECURSION = YES;
				CLANG_WARN_INT_CONVERSION = YES;
				CLANG_WARN_OBJC_ROOT_CLASS = YES_ERROR;
				CLANG_WARN_SUSPICIOUS_MOVE = YES;
				CLANG_WARN_UNREACHABLE_CODE = YES;
				CLANG_WARN__DUPLICATE_METHOD_MATCH = YES;
				"CODE_SIGN_IDENTITY[sdk=iphoneos*]" = "iPhone Developer";
				COPY_PHASE_STRIP = NO;
				DEBUG_INFORMATION_FORMAT = "dwarf-with-dsym";
				ENABLE_NS_ASSERTIONS = NO;
				ENABLE_STRICT_OBJC_MSGSEND = YES;
				GCC_C_LANGUAGE_STANDARD = gnu99;
				GCC_NO_COMMON_BLOCKS = YES;
				GCC_WARN_64_TO_32_BIT_CONVERSION = YES;
				GCC_WARN_ABOUT_RETURN_TYPE = YES_ERROR;
				GCC_WARN_UNDECLARED_SELECTOR = YES;
				GCC_WARN_UNINITIALIZED_AUTOS = YES_AGGRESSIVE;
				GCC_WARN_UNUSED_FUNCTION = YES;
				GCC_WARN_UNUSED_VARIABLE = YES;
				IPHONEOS_DEPLOYMENT_TARGET = 10.3;
				MTL_ENABLE_DEBUG_INFO = NO;
				SDKROOT = iphoneos;
				SWIFT_OPTIMIZATION_LEVEL = "-Owholemodule";
				TARGETED_DEVICE_FAMILY = "1,2";
				VALIDATE_PRODUCT = YES;
			};
			name = Release;
		};
		F034E7FC1F4A1FD100276796 /* Debug */ = {
			isa = XCBuildConfiguration;
			buildSettings = {
				ASSETCATALOG_COMPILER_APPICON_NAME = AppIcon;
				DEVELOPMENT_TEAM = E234QZ5Z6G;
				INFOPLIST_FILE = Labs/Info.plist;
				IPHONEOS_DEPLOYMENT_TARGET = 9.1;
				LD_RUNPATH_SEARCH_PATHS = "$(inherited) @executable_path/Frameworks";
				PRODUCT_BUNDLE_IDENTIFIER = br.com.jera.Labs;
				PRODUCT_NAME = "$(TARGET_NAME)";
				SWIFT_VERSION = 3.0;
			};
			name = Debug;
		};
		F034E7FD1F4A1FD100276796 /* Release */ = {
			isa = XCBuildConfiguration;
			buildSettings = {
				ASSETCATALOG_COMPILER_APPICON_NAME = AppIcon;
				DEVELOPMENT_TEAM = E234QZ5Z6G;
				INFOPLIST_FILE = Labs/Info.plist;
				IPHONEOS_DEPLOYMENT_TARGET = 9.1;
				LD_RUNPATH_SEARCH_PATHS = "$(inherited) @executable_path/Frameworks";
				PRODUCT_BUNDLE_IDENTIFIER = br.com.jera.Labs;
				PRODUCT_NAME = "$(TARGET_NAME)";
				SWIFT_VERSION = 3.0;
			};
			name = Release;
		};
		F034E7FF1F4A1FD100276796 /* Debug */ = {
			isa = XCBuildConfiguration;
			buildSettings = {
				ALWAYS_EMBED_SWIFT_STANDARD_LIBRARIES = YES;
				DEVELOPMENT_TEAM = E234QZ5Z6G;
				INFOPLIST_FILE = LabsUITests/Info.plist;
				LD_RUNPATH_SEARCH_PATHS = "$(inherited) @executable_path/Frameworks @loader_path/Frameworks";
				PRODUCT_BUNDLE_IDENTIFIER = br.com.jera.LabsUITests;
				PRODUCT_NAME = "$(TARGET_NAME)";
				SWIFT_VERSION = 3.0;
				TEST_TARGET_NAME = Labs;
			};
			name = Debug;
		};
		F034E8001F4A1FD100276796 /* Release */ = {
			isa = XCBuildConfiguration;
			buildSettings = {
				ALWAYS_EMBED_SWIFT_STANDARD_LIBRARIES = YES;
				DEVELOPMENT_TEAM = E234QZ5Z6G;
				INFOPLIST_FILE = LabsUITests/Info.plist;
				LD_RUNPATH_SEARCH_PATHS = "$(inherited) @executable_path/Frameworks @loader_path/Frameworks";
				PRODUCT_BUNDLE_IDENTIFIER = br.com.jera.LabsUITests;
				PRODUCT_NAME = "$(TARGET_NAME)";
				SWIFT_VERSION = 3.0;
				TEST_TARGET_NAME = Labs;
			};
			name = Release;
		};
/* End XCBuildConfiguration section */

/* Begin XCConfigurationList section */
		F034E7D91F4A1FD100276796 /* Build configuration list for PBXProject "Labs" */ = {
			isa = XCConfigurationList;
			buildConfigurations = (
				F034E7F91F4A1FD100276796 /* Debug */,
				F034E7FA1F4A1FD100276796 /* Release */,
			);
			defaultConfigurationIsVisible = 0;
			defaultConfigurationName = Release;
		};
		F034E7FB1F4A1FD100276796 /* Build configuration list for PBXNativeTarget "Labs" */ = {
			isa = XCConfigurationList;
			buildConfigurations = (
				F034E7FC1F4A1FD100276796 /* Debug */,
				F034E7FD1F4A1FD100276796 /* Release */,
			);
			defaultConfigurationIsVisible = 0;
		};
		F034E7FE1F4A1FD100276796 /* Build configuration list for PBXNativeTarget "LabsUITests" */ = {
			isa = XCConfigurationList;
			buildConfigurations = (
				F034E7FF1F4A1FD100276796 /* Debug */,
				F034E8001F4A1FD100276796 /* Release */,
			);
			defaultConfigurationIsVisible = 0;
		};
/* End XCConfigurationList section */
	};
	rootObject = F034E7D61F4A1FD100276796 /* Project object */;
}
